Microsoft Visual Studio Solution File, Format Version 12.00
# Visual Studio Version 17
VisualStudioVersion = 17.7.34024.191
MinimumVisualStudioVersion = 10.0.40219.1
Project("{9A19103F-16F7-4668-BE54-9A1E7A4F7556}") = "Codebreaker.GameAPIs", "Codebreaker.GameAPIs\Codebreaker.GameAPIs.csproj", "{288B3955-47C4-47D4-8B2B-D87D0E7E303B}"
EndProject
Project("{9A19103F-16F7-4668-BE54-9A1E7A4F7556}") = "CodeBreaker.Bot", "CodeBreaker.Bot\CodeBreaker.Bot.csproj", "{DFA6264C-D06B-4A3C-B195-88A0E61E2A8F}"
EndProject
Project("{9A19103F-16F7-4668-BE54-9A1E7A4F7556}") = "Codebreaker.AppHost", "Codebreaker.AppHost\Codebreaker.AppHost.csproj", "{29A7178E-88ED-4B24-904A-D197C752A916}"
EndProject
Project("{9A19103F-16F7-4668-BE54-9A1E7A4F7556}") = "Codebreaker.ServiceDefaults", "Codebreaker.ServiceDefaults\Codebreaker.ServiceDefaults.csproj", "{B95032AF-9711-4912-A232-E7977DFD2F85}"
EndProject
Project("{9A19103F-16F7-4668-BE54-9A1E7A4F7556}") = "Codebreaker.GameAPIs.Tests", "Codebreaker.GameAPIs.Tests\Codebreaker.GameAPIs.Tests.csproj", "{B17F864D-D9B5-4971-B03B-6DB9EE10EB66}"
EndProject
Project("{9A19103F-16F7-4668-BE54-9A1E7A4F7556}") = "Codebreaker.Analyzers", "Codebreaker.GameAPIs.Analyzers\Codebreaker.Analyzers.csproj", "{0C3B58DF-1358-4E14-98CC-7C383E5EA230}"
EndProject
Project("{9A19103F-16F7-4668-BE54-9A1E7A4F7556}") = "Codebreaker.Analyzers.Tests", "Codebreaker.GameAPIs.Analyzers.Tests\Codebreaker.Analyzers.Tests.csproj", "{153903FA-2F06-4F9F-9DE2-677F1DAD0B44}"
EndProject
Project("{9A19103F-16F7-4668-BE54-9A1E7A4F7556}") = "Codebreaker.GameAPIs.Playwright", "Codebreaker.GameAPIs.Playwright\Codebreaker.GameAPIs.Playwright.csproj", "{3A109A6A-5A57-428F-8720-2206D940A81C}"
EndProject
Project("{9A19103F-16F7-4668-BE54-9A1E7A4F7556}") = "CodeBreaker.Bot.Tests", "CodeBreaker.Bot.Tests\CodeBreaker.Bot.Tests.csproj", "{D26482A0-530F-4799-A3D5-17F0A7BFEB43}"
EndProject
Project("{2150E333-8FDC-42A3-9474-1A3956D46DE8}") = "Analyzers", "Analyzers", "{6ECD84BB-A164-4287-B942-35D75EF46462}"
EndProject
Project("{2150E333-8FDC-42A3-9474-1A3956D46DE8}") = "Bot", "Bot", "{BB6F4D53-23BF-4358-A08D-AA3681C4B5A4}"
EndProject
Project("{2150E333-8FDC-42A3-9474-1A3956D46DE8}") = "GameAPIs", "GameAPIs", "{B0731BE9-1455-4173-BE83-4E0839441E8C}"
EndProject
Project("{FAE04EC0-301F-11D3-BF4B-00C04F79EFBC}") = "Codebreaker.IntegrationTests", "Codebreaker.IntegrationTests\Codebreaker.IntegrationTests.csproj", "{FBB187D6-867E-4231-9BF0-F0D2C2847BA3}"
EndProject
Global
	GlobalSection(SolutionConfigurationPlatforms) = preSolution
		Debug|Any CPU = Debug|Any CPU
		Release|Any CPU = Release|Any CPU
	EndGlobalSection
	GlobalSection(ProjectConfigurationPlatforms) = postSolution
		{288B3955-47C4-47D4-8B2B-D87D0E7E303B}.Debug|Any CPU.ActiveCfg = Debug|Any CPU
		{288B3955-47C4-47D4-8B2B-D87D0E7E303B}.Debug|Any CPU.Build.0 = Debug|Any CPU
		{288B3955-47C4-47D4-8B2B-D87D0E7E303B}.Release|Any CPU.ActiveCfg = Release|Any CPU
		{288B3955-47C4-47D4-8B2B-D87D0E7E303B}.Release|Any CPU.Build.0 = Release|Any CPU
		{DFA6264C-D06B-4A3C-B195-88A0E61E2A8F}.Debug|Any CPU.ActiveCfg = Debug|Any CPU
		{DFA6264C-D06B-4A3C-B195-88A0E61E2A8F}.Debug|Any CPU.Build.0 = Debug|Any CPU
		{DFA6264C-D06B-4A3C-B195-88A0E61E2A8F}.Release|Any CPU.ActiveCfg = Release|Any CPU
		{DFA6264C-D06B-4A3C-B195-88A0E61E2A8F}.Release|Any CPU.Build.0 = Release|Any CPU
		{29A7178E-88ED-4B24-904A-D197C752A916}.Debug|Any CPU.ActiveCfg = Debug|Any CPU
		{29A7178E-88ED-4B24-904A-D197C752A916}.Debug|Any CPU.Build.0 = Debug|Any CPU
		{29A7178E-88ED-4B24-904A-D197C752A916}.Release|Any CPU.ActiveCfg = Release|Any CPU
		{29A7178E-88ED-4B24-904A-D197C752A916}.Release|Any CPU.Build.0 = Release|Any CPU
		{B95032AF-9711-4912-A232-E7977DFD2F85}.Debug|Any CPU.ActiveCfg = Debug|Any CPU
		{B95032AF-9711-4912-A232-E7977DFD2F85}.Debug|Any CPU.Build.0 = Debug|Any CPU
		{B95032AF-9711-4912-A232-E7977DFD2F85}.Release|Any CPU.ActiveCfg = Release|Any CPU
		{B95032AF-9711-4912-A232-E7977DFD2F85}.Release|Any CPU.Build.0 = Release|Any CPU
		{B17F864D-D9B5-4971-B03B-6DB9EE10EB66}.Debug|Any CPU.ActiveCfg = Debug|Any CPU
		{B17F864D-D9B5-4971-B03B-6DB9EE10EB66}.Debug|Any CPU.Build.0 = Debug|Any CPU
		{B17F864D-D9B5-4971-B03B-6DB9EE10EB66}.Release|Any CPU.ActiveCfg = Release|Any CPU
		{B17F864D-D9B5-4971-B03B-6DB9EE10EB66}.Release|Any CPU.Build.0 = Release|Any CPU
		{0C3B58DF-1358-4E14-98CC-7C383E5EA230}.Debug|Any CPU.ActiveCfg = Debug|Any CPU
		{0C3B58DF-1358-4E14-98CC-7C383E5EA230}.Debug|Any CPU.Build.0 = Debug|Any CPU
		{0C3B58DF-1358-4E14-98CC-7C383E5EA230}.Release|Any CPU.ActiveCfg = Release|Any CPU
		{0C3B58DF-1358-4E14-98CC-7C383E5EA230}.Release|Any CPU.Build.0 = Release|Any CPU
		{153903FA-2F06-4F9F-9DE2-677F1DAD0B44}.Debug|Any CPU.ActiveCfg = Debug|Any CPU
		{153903FA-2F06-4F9F-9DE2-677F1DAD0B44}.Debug|Any CPU.Build.0 = Debug|Any CPU
		{153903FA-2F06-4F9F-9DE2-677F1DAD0B44}.Release|Any CPU.ActiveCfg = Release|Any CPU
		{153903FA-2F06-4F9F-9DE2-677F1DAD0B44}.Release|Any CPU.Build.0 = Release|Any CPU
		{3A109A6A-5A57-428F-8720-2206D940A81C}.Debug|Any CPU.ActiveCfg = Debug|Any CPU
		{3A109A6A-5A57-428F-8720-2206D940A81C}.Debug|Any CPU.Build.0 = Debug|Any CPU
		{3A109A6A-5A57-428F-8720-2206D940A81C}.Release|Any CPU.ActiveCfg = Release|Any CPU
		{3A109A6A-5A57-428F-8720-2206D940A81C}.Release|Any CPU.Build.0 = Release|Any CPU
		{D26482A0-530F-4799-A3D5-17F0A7BFEB43}.Debug|Any CPU.ActiveCfg = Debug|Any CPU
		{D26482A0-530F-4799-A3D5-17F0A7BFEB43}.Debug|Any CPU.Build.0 = Debug|Any CPU
		{D26482A0-530F-4799-A3D5-17F0A7BFEB43}.Release|Any CPU.ActiveCfg = Release|Any CPU
		{D26482A0-530F-4799-A3D5-17F0A7BFEB43}.Release|Any CPU.Build.0 = Release|Any CPU
		{FBB187D6-867E-4231-9BF0-F0D2C2847BA3}.Debug|Any CPU.ActiveCfg = Debug|Any CPU
		{FBB187D6-867E-4231-9BF0-F0D2C2847BA3}.Debug|Any CPU.Build.0 = Debug|Any CPU
		{FBB187D6-867E-4231-9BF0-F0D2C2847BA3}.Release|Any CPU.ActiveCfg = Release|Any CPU
		{FBB187D6-867E-4231-9BF0-F0D2C2847BA3}.Release|Any CPU.Build.0 = Release|Any CPU
	EndGlobalSection
	GlobalSection(SolutionProperties) = preSolution
		HideSolutionNode = FALSE
	EndGlobalSection
	GlobalSection(NestedProjects) = preSolution
		{288B3955-47C4-47D4-8B2B-D87D0E7E303B} = {B0731BE9-1455-4173-BE83-4E0839441E8C}
		{DFA6264C-D06B-4A3C-B195-88A0E61E2A8F} = {BB6F4D53-23BF-4358-A08D-AA3681C4B5A4}
		{B17F864D-D9B5-4971-B03B-6DB9EE10EB66} = {B0731BE9-1455-4173-BE83-4E0839441E8C}
		{0C3B58DF-1358-4E14-98CC-7C383E5EA230} = {6ECD84BB-A164-4287-B942-35D75EF46462}
		{153903FA-2F06-4F9F-9DE2-677F1DAD0B44} = {6ECD84BB-A164-4287-B942-35D75EF46462}
		{3A109A6A-5A57-428F-8720-2206D940A81C} = {B0731BE9-1455-4173-BE83-4E0839441E8C}
		{D26482A0-530F-4799-A3D5-17F0A7BFEB43} = {BB6F4D53-23BF-4358-A08D-AA3681C4B5A4}
	EndGlobalSection
	GlobalSection(ExtensibilityGlobals) = postSolution
		SolutionGuid = {AB3739EB-14D4-4A4A-A6DC-44E1D103FE67}
	EndGlobalSection
EndGlobal
4D-D9B5-4971-B03B-6DB9EE10EB66} = {B0731BE9-1455-4173-BE83-4E0839441E8C}
		{098845D3-0A6F-445F-BB83-00F1A5ED83F2} = {B0731BE9-1455-4173-BE83-4E0839441E8C}
		{0C3B58DF-1358-4E14-98CC-7C383E5EA230} = {6ECD84BB-A164-4287-B942-35D75EF46462}
		{153903FA-2F06-4F9F-9DE2-677F1DAD0B44} = {6ECD84BB-A164-4287-B942-35D75EF46462}
		{3A109A6A-5A57-428F-8720-2206D940A81C} = {B0731BE9-1455-4173-BE83-4E0839441E8C}
		{D26482A0-530F-4799-A3D5-17F0A7BFEB43} = {BB6F4D53-23BF-4358-A08D-AA3681C4B5A4}
	EndGlobalSection
	GlobalSection(ExtensibilityGlobals) = postSolution
		SolutionGuid = {AB3739EB-14D4-4A4A-A6DC-44E1D103FE67}
	EndGlobalSection
EndGlobal
