
Microsoft Visual Studio Solution File, Format Version 12.00
# Visual Studio Version 17
VisualStudioVersion = 17.9.34407.89
MinimumVisualStudioVersion = 10.0.40219.1
Project("{9A19103F-16F7-4668-BE54-9A1E7A4F7556}") = "Codebreaker.Analyzers", "Codebreaker.Analyzers.csproj", "{860A42F1-A34D-4530-AF11-6AF7E143C12B}"
EndProject
Project("{9A19103F-16F7-4668-BE54-9A1E7A4F7556}") = "Codebreaker.GameAPIs.Analyzers.Tests", "..\Codebreaker.GameAPIs.Analyzers.Tests\Codebreaker.GameAPIs.Analyzers.Tests.csproj", "{D368DCBB-9B44-4B5A-8B34-960D9816CDE9}"
EndProject
Global
	GlobalSection(SolutionConfigurationPlatforms) = preSolution
		Debug|Any CPU = Debug|Any CPU
		Release|Any CPU = Release|Any CPU
	EndGlobalSection
	GlobalSection(ProjectConfigurationPlatforms) = postSolution
		{860A42F1-A34D-4530-AF11-6AF7E143C12B}.Debug|Any CPU.ActiveCfg = Debug|Any CPU
		{860A42F1-A34D-4530-AF11-6AF7E143C12B}.Debug|Any CPU.Build.0 = Debug|Any CPU
		{860A42F1-A34D-4530-AF11-6AF7E143C12B}.Release|Any CPU.ActiveCfg = Release|Any CPU
		{860A42F1-A34D-4530-AF11-6AF7E143C12B}.Release|Any CPU.Build.0 = Release|Any CPU
		{D368DCBB-9B44-4B5A-8B34-960D9816CDE9}.Debug|Any CPU.ActiveCfg = Debug|Any CPU
		{D368DCBB-9B44-4B5A-8B34-960D9816CDE9}.Debug|Any CPU.Build.0 = Debug|Any CPU
		{D368DCBB-9B44-4B5A-8B34-960D9816CDE9}.Release|Any CPU.ActiveCfg = Release|Any CPU
		{D368DCBB-9B44-4B5A-8B34-960D9816CDE9}.Release|Any CPU.Build.0 = Release|Any CPU
	EndGlobalSection
	GlobalSection(SolutionProperties) = preSolution
		HideSolutionNode = FALSE
	EndGlobalSection
	GlobalSection(ExtensibilityGlobals) = postSolution
		SolutionGuid = {CE5F22CD-9A34-4872-BC98-78081A50F761}
	EndGlobalSection
EndGlobal
