
Microsoft Visual Studio Solution File, Format Version 12.00
# Visual Studio Version 17
VisualStudioVersion = 17.7.33808.371
MinimumVisualStudioVersion = 10.0.40219.1
Project("{9A19103F-16F7-4668-BE54-9A1E7A4F7556}") = "Codebreaker.GameAPIs.Algorithms", "Codebreaker.GameAPIs.Algorithms\Codebreaker.GameAPIs.Algorithms.csproj", "{205C33B0-CD6C-4A3F-80C8-28C207105BB4}"
EndProject
Project("{9A19103F-16F7-4668-BE54-9A1E7A4F7556}") = "Codebreaker.GameAPIs.Algorithms.Tests", "Codebreaker.GameAPIs.Algorithms.Tests\Codebreaker.GameAPIs.Algorithms.Tests.csproj", "{88895E15-BA65-4FF0-991E-29ED6144C81F}"
EndProject
Global
	GlobalSection(SolutionConfigurationPlatforms) = preSolution
		Debug|Any CPU = Debug|Any CPU
		Release|Any CPU = Release|Any CPU
	EndGlobalSection
	GlobalSection(ProjectConfigurationPlatforms) = postSolution
		{205C33B0-CD6C-4A3F-80C8-28C207105BB4}.Debug|Any CPU.ActiveCfg = Debug|Any CPU
		{205C33B0-CD6C-4A3F-80C8-28C207105BB4}.Debug|Any CPU.Build.0 = Debug|Any CPU
		{205C33B0-CD6C-4A3F-80C8-28C207105BB4}.Release|Any CPU.ActiveCfg = Release|Any CPU
		{205C33B0-CD6C-4A3F-80C8-28C207105BB4}.Release|Any CPU.Build.0 = Release|Any CPU
		{88895E15-BA65-4FF0-991E-29ED6144C81F}.Debug|Any CPU.ActiveCfg = Debug|Any CPU
		{88895E15-BA65-4FF0-991E-29ED6144C81F}.Debug|Any CPU.Build.0 = Debug|Any CPU
		{88895E15-BA65-4FF0-991E-29ED6144C81F}.Release|Any CPU.ActiveCfg = Release|Any CPU
		{88895E15-BA65-4FF0-991E-29ED6144C81F}.Release|Any CPU.Build.0 = Release|Any CPU
	EndGlobalSection
	GlobalSection(SolutionProperties) = preSolution
		HideSolutionNode = FALSE
	EndGlobalSection
	GlobalSection(ExtensibilityGlobals) = postSolution
		SolutionGuid = {4B5CBB5A-34B8-4C72-ABE5-55ECA8B04C7E}
	EndGlobalSection
EndGlobal
