Microsoft Visual Studio Solution File, Format Version 12.00
# Visual Studio Version 17
VisualStudioVersion = 17.7.34024.191
MinimumVisualStudioVersion = 10.0.40219.1
Project("{9A19103F-16F7-4668-BE54-9A1E7A4F7556}") = "Codebreaker.GameAPIs", "Codebreaker.GameAPIs\Codebreaker.GameAPIs.csproj", "{288B3955-47C4-47D4-8B2B-D87D0E7E303B}"
EndProject
Project("{9A19103F-16F7-4668-BE54-9A1E7A4F7556}") = "CodeBreaker.Bot", "CodeBreaker.Bot\CodeBreaker.Bot.csproj", "{DFA6264C-D06B-4A3C-B195-88A0E61E2A8F}"
EndProject
Project("{9A19103F-16F7-4668-BE54-9A1E7A4F7556}") = "Codebreaker.AppHost", "Codebreaker.AppHost\Codebreaker.AppHost.csproj", "{29A7178E-88ED-4B24-904A-D197C752A916}"
EndProject
Project("{9A19103F-16F7-4668-BE54-9A1E7A4F7556}") = "Codebreaker.ServiceDefaults", "Codebreaker.ServiceDefaults\Codebreaker.ServiceDefaults.csproj", "{B95032AF-9711-4912-A232-E7977DFD2F85}"
EndProject
Project("{2150E333-8FDC-42A3-9474-1A3956D46DE8}") = "prometheus", "prometheus", "{C687EA60-8134-4768-A9B1-D7870B0F13DD}"
	ProjectSection(SolutionItems) = preProject
		prometheus\prometheus.yml = prometheus\prometheus.yml
	EndProjectSection
EndProject
Project("{2150E333-8FDC-42A3-9474-1A3956D46DE8}") = "Solution Items", "Solution Items", "{281ADBDF-78AF-4CDB-9E25-EBF2A6A6F4CF}"
	ProjectSection(SolutionItems) = preProject
		grafana\config\provisioning\dashboards\default.yaml = grafana\config\provisioning\dashboards\default.yaml
	EndProjectSection
EndProject
Project("{9A19103F-16F7-4668-BE54-9A1E7A4F7556}") = "Codebreaker.GameAPIs.Tests", "Codebreaker.GameAPIs.Tests\Codebreaker.GameAPIs.Tests.csproj", "{3F67AC70-DBD4-46FC-91D3-671CFB6C51F9}"
EndProject
Project("{9A19103F-16F7-4668-BE54-9A1E7A4F7556}") = "CodeBreaker.Bot.Tests", "CodeBreaker.Bot.Tests\CodeBreaker.Bot.Tests.csproj", "{6F24F509-90E2-4EF4-BD3D-04ECE970340E}"
EndProject
Project("{9A19103F-16F7-4668-BE54-9A1E7A4F7556}") = "Codebreaker.GameAPIs.Client", "Codebreaker.GameAPIs.Client\Codebreaker.GameAPIs.Client.csproj", "{E8F4F2D2-6365-479C-9270-C5BB07B379AD}"
EndProject
Project("{9A19103F-16F7-4668-BE54-9A1E7A4F7556}") = "Codebreaker.GameAPIs.Client.Tests", "Codebreaker.GameAPIs.Client.Tests\Codebreaker.GameAPIs.Client.Tests.csproj", "{DDED1556-3395-4FE8-A15B-E3897B2351C6}"
EndProject
Project("{2150E333-8FDC-42A3-9474-1A3956D46DE8}") = "GamesAPI", "GamesAPI", "{77EEE74A-99C6-4CD5-96B0-BF9AD39DF075}"
EndProject
Project("{2150E333-8FDC-42A3-9474-1A3956D46DE8}") = "grafana", "grafana", "{5F6717A8-03CF-4A25-83F1-5809B7E373C1}"
EndProject
Project("{2150E333-8FDC-42A3-9474-1A3956D46DE8}") = "dashboards", "dashboards", "{63E66D67-72F4-4B2D-A45F-B45A86AACB2B}"
	ProjectSection(SolutionItems) = preProject
		grafana\dashboards\aspnetcore-endpoint.json = grafana\dashboards\aspnetcore-endpoint.json
		grafana\dashboards\aspnetcore.json = grafana\dashboards\aspnetcore.json
	EndProjectSection
EndProject
Project("{2150E333-8FDC-42A3-9474-1A3956D46DE8}") = "config", "config", "{495095E0-3696-4E53-AB77-1147201B9EBD}"
	ProjectSection(SolutionItems) = preProject
		grafana\config\grafana.ini = grafana\config\grafana.ini
	EndProjectSection
EndProject
Project("{2150E333-8FDC-42A3-9474-1A3956D46DE8}") = "provisioning", "provisioning", "{71AA58F9-8633-4166-80E1-5187347B9675}"
EndProject
Project("{2150E333-8FDC-42A3-9474-1A3956D46DE8}") = "dashboards", "dashboards", "{6D3BA9A0-FD83-4796-B11D-AE35EB7AADE2}"
	ProjectSection(SolutionItems) = preProject
		grafana\config\provisioning\dashboards\default.yaml = grafana\config\provisioning\dashboards\default.yaml
	EndProjectSection
EndProject
Project("{2150E333-8FDC-42A3-9474-1A3956D46DE8}") = "datasources", "datasources", "{3D542520-A5A9-4D96-84C1-0935F581BE18}"
	ProjectSection(SolutionItems) = preProject
		grafana\config\provisioning\datasources\default.yaml = grafana\config\provisioning\datasources\default.yaml
	EndProjectSection
EndProject
Project("{2150E333-8FDC-42A3-9474-1A3956D46DE8}") = "Bot", "Bot", "{5E463302-4888-4F18-BB3E-6192B576A4FD}"
EndProject
Project("{2150E333-8FDC-42A3-9474-1A3956D46DE8}") = "Clients", "Clients", "{B09C78CD-2B70-4ED8-B04C-DED361DE7CB6}"
EndProject
Global
	GlobalSection(SolutionConfigurationPlatforms) = preSolution
		Debug|Any CPU = Debug|Any CPU
		Release|Any CPU = Release|Any CPU
	EndGlobalSection
	GlobalSection(ProjectConfigurationPlatforms) = postSolution
		{288B3955-47C4-47D4-8B2B-D87D0E7E303B}.Debug|Any CPU.ActiveCfg = Debug|Any CPU
		{288B3955-47C4-47D4-8B2B-D87D0E7E303B}.Debug|Any CPU.Build.0 = Debug|Any CPU
		{288B3955-47C4-47D4-8B2B-D87D0E7E303B}.Release|Any CPU.ActiveCfg = Release|Any CPU
		{288B3955-47C4-47D4-8B2B-D87D0E7E303B}.Release|Any CPU.Build.0 = Release|Any CPU
		{DFA6264C-D06B-4A3C-B195-88A0E61E2A8F}.Debug|Any CPU.ActiveCfg = Debug|Any CPU
		{DFA6264C-D06B-4A3C-B195-88A0E61E2A8F}.Debug|Any CPU.Build.0 = Debug|Any CPU
		{DFA6264C-D06B-4A3C-B195-88A0E61E2A8F}.Release|Any CPU.ActiveCfg = Release|Any CPU
		{DFA6264C-D06B-4A3C-B195-88A0E61E2A8F}.Release|Any CPU.Build.0 = Release|Any CPU
		{29A7178E-88ED-4B24-904A-D197C752A916}.Debug|Any CPU.ActiveCfg = Debug|Any CPU
		{29A7178E-88ED-4B24-904A-D197C752A916}.Debug|Any CPU.Build.0 = Debug|Any CPU
		{29A7178E-88ED-4B24-904A-D197C752A916}.Release|Any CPU.ActiveCfg = Release|Any CPU
		{29A7178E-88ED-4B24-904A-D197C752A916}.Release|Any CPU.Build.0 = Release|Any CPU
		{B95032AF-9711-4912-A232-E7977DFD2F85}.Debug|Any CPU.ActiveCfg = Debug|Any CPU
		{B95032AF-9711-4912-A232-E7977DFD2F85}.Debug|Any CPU.Build.0 = Debug|Any CPU
		{B95032AF-9711-4912-A232-E7977DFD2F85}.Release|Any CPU.ActiveCfg = Release|Any CPU
		{B95032AF-9711-4912-A232-E7977DFD2F85}.Release|Any CPU.Build.0 = Release|Any CPU
		{3F67AC70-DBD4-46FC-91D3-671CFB6C51F9}.Debug|Any CPU.ActiveCfg = Debug|Any CPU
		{3F67AC70-DBD4-46FC-91D3-671CFB6C51F9}.Debug|Any CPU.Build.0 = Debug|Any CPU
		{3F67AC70-DBD4-46FC-91D3-671CFB6C51F9}.Release|Any CPU.ActiveCfg = Release|Any CPU
		{3F67AC70-DBD4-46FC-91D3-671CFB6C51F9}.Release|Any CPU.Build.0 = Release|Any CPU
		{6F24F509-90E2-4EF4-BD3D-04ECE970340E}.Debug|Any CPU.ActiveCfg = Debug|Any CPU
		{6F24F509-90E2-4EF4-BD3D-04ECE970340E}.Debug|Any CPU.Build.0 = Debug|Any CPU
		{6F24F509-90E2-4EF4-BD3D-04ECE970340E}.Release|Any CPU.ActiveCfg = Release|Any CPU
		{6F24F509-90E2-4EF4-BD3D-04ECE970340E}.Release|Any CPU.Build.0 = Release|Any CPU
		{E8F4F2D2-6365-479C-9270-C5BB07B379AD}.Debug|Any CPU.ActiveCfg = Debug|Any CPU
		{E8F4F2D2-6365-479C-9270-C5BB07B379AD}.Debug|Any CPU.Build.0 = Debug|Any CPU
		{E8F4F2D2-6365-479C-9270-C5BB07B379AD}.Release|Any CPU.ActiveCfg = Release|Any CPU
		{E8F4F2D2-6365-479C-9270-C5BB07B379AD}.Release|Any CPU.Build.0 = Release|Any CPU
		{DDED1556-3395-4FE8-A15B-E3897B2351C6}.Debug|Any CPU.ActiveCfg = Debug|Any CPU
		{DDED1556-3395-4FE8-A15B-E3897B2351C6}.Debug|Any CPU.Build.0 = Debug|Any CPU
		{DDED1556-3395-4FE8-A15B-E3897B2351C6}.Release|Any CPU.ActiveCfg = Release|Any CPU
		{DDED1556-3395-4FE8-A15B-E3897B2351C6}.Release|Any CPU.Build.0 = Release|Any CPU
	EndGlobalSection
	GlobalSection(SolutionProperties) = preSolution
		HideSolutionNode = FALSE
	EndGlobalSection
	GlobalSection(NestedProjects) = preSolution
		{288B3955-47C4-47D4-8B2B-D87D0E7E303B} = {77EEE74A-99C6-4CD5-96B0-BF9AD39DF075}
		{3F67AC70-DBD4-46FC-91D3-671CFB6C51F9} = {77EEE74A-99C6-4CD5-96B0-BF9AD39DF075}
		{63E66D67-72F4-4B2D-A45F-B45A86AACB2B} = {5F6717A8-03CF-4A25-83F1-5809B7E373C1}
		{495095E0-3696-4E53-AB77-1147201B9EBD} = {5F6717A8-03CF-4A25-83F1-5809B7E373C1}
		{6F24F509-90E2-4EF4-BD3D-04ECE970340E} = {5E463302-4888-4F18-BB3E-6192B576A4FD}
		{71AA58F9-8633-4166-80E1-5187347B9675} = {495095E0-3696-4E53-AB77-1147201B9EBD}
		{6D3BA9A0-FD83-4796-B11D-AE35EB7AADE2} = {71AA58F9-8633-4166-80E1-5187347B9675}
		{3D542520-A5A9-4D96-84C1-0935F581BE18} = {71AA58F9-8633-4166-80E1-5187347B9675}
		{DDED1556-3395-4FE8-A15B-E3897B2351C6} = {B09C78CD-2B70-4ED8-B04C-DED361DE7CB6}
		{DFA6264C-D06B-4A3C-B195-88A0E61E2A8F} = {5E463302-4888-4F18-BB3E-6192B576A4FD}
		{E8F4F2D2-6365-479C-9270-C5BB07B379AD} = {B09C78CD-2B70-4ED8-B04C-DED361DE7CB6}
	EndGlobalSection
	GlobalSection(ExtensibilityGlobals) = postSolution
		SolutionGuid = {AB3739EB-14D4-4A4A-A6DC-44E1D103FE67}
	EndGlobalSection
EndGlobal
