
Microsoft Visual Studio Solution File, Format Version 12.00
# Visual Studio Version 17
VisualStudioVersion = 17.7.34024.191
MinimumVisualStudioVersion = 10.0.40219.1
Project("{9A19103F-16F7-4668-BE54-9A1E7A4F7556}") = "Codebreaker.GameAPIs", "Codebreaker.GameAPIs\Codebreaker.GameAPIs.csproj", "{288B3955-47C4-47D4-8B2B-D87D0E7E303B}"
EndProject
Project("{9A19103F-16F7-4668-BE54-9A1E7A4F7556}") = "CodeBreaker.Bot", "CodeBreaker.Bot\CodeBreaker.Bot.csproj", "{DFA6264C-D06B-4A3C-B195-88A0E61E2A8F}"
EndProject
Project("{9A19103F-16F7-4668-BE54-9A1E7A4F7556}") = "Codebreaker.AppHost", "Codebreaker.AppHost\Codebreaker.AppHost.csproj", "{29A7178E-88ED-4B24-904A-D197C752A916}"
EndProject
Project("{9A19103F-16F7-4668-BE54-9A1E7A4F7556}") = "Codebreaker.ServiceDefaults", "Codebreaker.ServiceDefaults\Codebreaker.ServiceDefaults.csproj", "{B95032AF-9711-4912-A232-E7977DFD2F85}"
EndProject
Project("{2150E333-8FDC-42A3-9474-1A3956D46DE8}") = "prometheus", "prometheus", "{C687EA60-8134-4768-A9B1-D7870B0F13DD}"
	ProjectSection(SolutionItems) = preProject
		prometheus\prometheus.yml = prometheus\prometheus.yml
	EndProjectSection
EndProject
Project("{2150E333-8FDC-42A3-9474-1A3956D46DE8}") = "grafana", "grafana", "{E89AF6E8-8FDE-4956-951C-4E1F2BBC8F77}"
EndProject
Project("{2150E333-8FDC-42A3-9474-1A3956D46DE8}") = "config", "config", "{07222C7B-0559-4C86-B519-C54B7D4287FF}"
	ProjectSection(SolutionItems) = preProject
		grafana\config\grafana.ini = grafana\config\grafana.ini
	EndProjectSection
EndProject
Project("{2150E333-8FDC-42A3-9474-1A3956D46DE8}") = "dashboards", "dashboards", "{E8A38DE3-C306-4E9E-B814-44F11137DB82}"
	ProjectSection(SolutionItems) = preProject
		grafana\dashboards\aspnetcore-endpoint.json = grafana\dashboards\aspnetcore-endpoint.json
		grafana\dashboards\aspnetcore.json = grafana\dashboards\aspnetcore.json
	EndProjectSection
EndProject
Project("{2150E333-8FDC-42A3-9474-1A3956D46DE8}") = "provisioning", "provisioning", "{08355C12-4E86-4004-91DC-221EC2186A0A}"
EndProject
Project("{2150E333-8FDC-42A3-9474-1A3956D46DE8}") = "dashboards", "dashboards", "{25F63EC3-3F2E-4E53-9705-54D0C415E079}"
	ProjectSection(SolutionItems) = preProject
		grafana\config\provisioning\dashboards\default.yaml = grafana\config\provisioning\dashboards\default.yaml
	EndProjectSection
EndProject
Project("{2150E333-8FDC-42A3-9474-1A3956D46DE8}") = "datasources", "datasources", "{BF4D0AA6-5E0C-446E-8331-017D3F3EB06A}"
	ProjectSection(SolutionItems) = preProject
		grafana\config\provisioning\datasources\default.yaml = grafana\config\provisioning\datasources\default.yaml
	EndProjectSection
EndProject
Global
	GlobalSection(SolutionConfigurationPlatforms) = preSolution
		Debug|Any CPU = Debug|Any CPU
		Release|Any CPU = Release|Any CPU
	EndGlobalSection
	GlobalSection(ProjectConfigurationPlatforms) = postSolution
		{288B3955-47C4-47D4-8B2B-D87D0E7E303B}.Debug|Any CPU.ActiveCfg = Debug|Any CPU
		{288B3955-47C4-47D4-8B2B-D87D0E7E303B}.Debug|Any CPU.Build.0 = Debug|Any CPU
		{288B3955-47C4-47D4-8B2B-D87D0E7E303B}.Release|Any CPU.ActiveCfg = Release|Any CPU
		{288B3955-47C4-47D4-8B2B-D87D0E7E303B}.Release|Any CPU.Build.0 = Release|Any CPU
		{DFA6264C-D06B-4A3C-B195-88A0E61E2A8F}.Debug|Any CPU.ActiveCfg = Debug|Any CPU
		{DFA6264C-D06B-4A3C-B195-88A0E61E2A8F}.Debug|Any CPU.Build.0 = Debug|Any CPU
		{DFA6264C-D06B-4A3C-B195-88A0E61E2A8F}.Release|Any CPU.ActiveCfg = Release|Any CPU
		{DFA6264C-D06B-4A3C-B195-88A0E61E2A8F}.Release|Any CPU.Build.0 = Release|Any CPU
		{29A7178E-88ED-4B24-904A-D197C752A916}.Debug|Any CPU.ActiveCfg = Debug|Any CPU
		{29A7178E-88ED-4B24-904A-D197C752A916}.Debug|Any CPU.Build.0 = Debug|Any CPU
		{29A7178E-88ED-4B24-904A-D197C752A916}.Release|Any CPU.ActiveCfg = Release|Any CPU
		{29A7178E-88ED-4B24-904A-D197C752A916}.Release|Any CPU.Build.0 = Release|Any CPU
		{B95032AF-9711-4912-A232-E7977DFD2F85}.Debug|Any CPU.ActiveCfg = Debug|Any CPU
		{B95032AF-9711-4912-A232-E7977DFD2F85}.Debug|Any CPU.Build.0 = Debug|Any CPU
		{B95032AF-9711-4912-A232-E7977DFD2F85}.Release|Any CPU.ActiveCfg = Release|Any CPU
		{B95032AF-9711-4912-A232-E7977DFD2F85}.Release|Any CPU.Build.0 = Release|Any CPU
	EndGlobalSection
	GlobalSection(SolutionProperties) = preSolution
		HideSolutionNode = FALSE
	EndGlobalSection
	GlobalSection(NestedProjects) = preSolution
		{07222C7B-0559-4C86-B519-C54B7D4287FF} = {E89AF6E8-8FDE-4956-951C-4E1F2BBC8F77}
		{E8A38DE3-C306-4E9E-B814-44F11137DB82} = {E89AF6E8-8FDE-4956-951C-4E1F2BBC8F77}
		{08355C12-4E86-4004-91DC-221EC2186A0A} = {07222C7B-0559-4C86-B519-C54B7D4287FF}
		{25F63EC3-3F2E-4E53-9705-54D0C415E079} = {08355C12-4E86-4004-91DC-221EC2186A0A}
		{BF4D0AA6-5E0C-446E-8331-017D3F3EB06A} = {08355C12-4E86-4004-91DC-221EC2186A0A}
	EndGlobalSection
	GlobalSection(ExtensibilityGlobals) = postSolution
		SolutionGuid = {AB3739EB-14D4-4A4A-A6DC-44E1D103FE67}
	EndGlobalSection
EndGlobal
