
Microsoft Visual Studio Solution File, Format Version 12.00
# Visual Studio Version 17
VisualStudioVersion = 17.7.33906.173
MinimumVisualStudioVersion = 10.0.40219.1
Project("{9A19103F-16F7-4668-BE54-9A1E7A4F7556}") = "Codebreaker.GameAPIs", "server\Codebreaker.GameAPIs\Codebreaker.GameAPIs.csproj", "{CB080E09-0DA5-49E2-8E56-48A77FF4C4CC}"
EndProject
Project("{9A19103F-16F7-4668-BE54-9A1E7A4F7556}") = "Codebreaker.AppHost", "server\Codebreaker.AppHost\Codebreaker.AppHost.csproj", "{474EE4FC-E9BD-4B26-97D2-C231F2DCA2D4}"
EndProject
Project("{9A19103F-16F7-4668-BE54-9A1E7A4F7556}") = "Codebreaker.ServiceDefaults", "server\Codebreaker.ServiceDefaults\Codebreaker.ServiceDefaults.csproj", "{B1A504BD-8BF1-4555-B42D-B1AFFC3CC86A}"
EndProject
Project("{2150E333-8FDC-42A3-9474-1A3956D46DE8}") = "Solution Items", "Solution Items", "{D52B8376-7D40-4277-887F-C864FAA7C4B7}"
	ProjectSection(SolutionItems) = preProject
		gamesapi-swagger.json = gamesapi-swagger.json
	EndProjectSection
EndProject
Project("{9A19103F-16F7-4668-BE54-9A1E7A4F7556}") = "Codebreaker.GameAPIs.Models", "server\Codebreaker.GameAPIs.Models\Codebreaker.GameAPIs.Models.csproj", "{FF1BD9BA-899A-4966-B76E-266434281BAF}"
EndProject
Global
	GlobalSection(SolutionConfigurationPlatforms) = preSolution
		Debug|Any CPU = Debug|Any CPU
		Release|Any CPU = Release|Any CPU
	EndGlobalSection
	GlobalSection(ProjectConfigurationPlatforms) = postSolution
		{CB080E09-0DA5-49E2-8E56-48A77FF4C4CC}.Debug|Any CPU.ActiveCfg = Debug|Any CPU
		{CB080E09-0DA5-49E2-8E56-48A77FF4C4CC}.Debug|Any CPU.Build.0 = Debug|Any CPU
		{CB080E09-0DA5-49E2-8E56-48A77FF4C4CC}.Release|Any CPU.ActiveCfg = Release|Any CPU
		{CB080E09-0DA5-49E2-8E56-48A77FF4C4CC}.Release|Any CPU.Build.0 = Release|Any CPU
		{474EE4FC-E9BD-4B26-97D2-C231F2DCA2D4}.Debug|Any CPU.ActiveCfg = Debug|Any CPU
		{474EE4FC-E9BD-4B26-97D2-C231F2DCA2D4}.Debug|Any CPU.Build.0 = Debug|Any CPU
		{474EE4FC-E9BD-4B26-97D2-C231F2DCA2D4}.Release|Any CPU.ActiveCfg = Release|Any CPU
		{474EE4FC-E9BD-4B26-97D2-C231F2DCA2D4}.Release|Any CPU.Build.0 = Release|Any CPU
		{B1A504BD-8BF1-4555-B42D-B1AFFC3CC86A}.Debug|Any CPU.ActiveCfg = Debug|Any CPU
		{B1A504BD-8BF1-4555-B42D-B1AFFC3CC86A}.Debug|Any CPU.Build.0 = Debug|Any CPU
		{B1A504BD-8BF1-4555-B42D-B1AFFC3CC86A}.Release|Any CPU.ActiveCfg = Release|Any CPU
		{B1A504BD-8BF1-4555-B42D-B1AFFC3CC86A}.Release|Any CPU.Build.0 = Release|Any CPU
		{FF1BD9BA-899A-4966-B76E-266434281BAF}.Debug|Any CPU.ActiveCfg = Debug|Any CPU
		{FF1BD9BA-899A-4966-B76E-266434281BAF}.Debug|Any CPU.Build.0 = Debug|Any CPU
		{FF1BD9BA-899A-4966-B76E-266434281BAF}.Release|Any CPU.ActiveCfg = Release|Any CPU
		{FF1BD9BA-899A-4966-B76E-266434281BAF}.Release|Any CPU.Build.0 = Release|Any CPU
	EndGlobalSection
	GlobalSection(SolutionProperties) = preSolution
		HideSolutionNode = FALSE
	EndGlobalSection
	GlobalSection(ExtensibilityGlobals) = postSolution
		SolutionGuid = {962D9F82-AA5B-4228-9302-4D73AEC7B1E4}
	EndGlobalSection
EndGlobal
